
Microsoft Visual Studio Solution File, Format Version 12.00
# Visual Studio Version 17
VisualStudioVersion = 17.8.34511.84
MinimumVisualStudioVersion = 10.0.40219.1
Project("{FAE04EC0-301F-11D3-BF4B-00C04F79EFBC}") = "SD19303_BanGiay", "SD19303_BanGiay\SD19303_BanGiay.csproj", "{44D0D08B-D778-49C4-BDD0-C5C34A0F6563}"
EndProject
Global
	GlobalSection(SolutionConfigurationPlatforms) = preSolution
		Debug|Any CPU = Debug|Any CPU
		Release|Any CPU = Release|Any CPU
	EndGlobalSection
	GlobalSection(ProjectConfigurationPlatforms) = postSolution
		{44D0D08B-D778-49C4-BDD0-C5C34A0F6563}.Debug|Any CPU.ActiveCfg = Debug|Any CPU
		{44D0D08B-D778-49C4-BDD0-C5C34A0F6563}.Debug|Any CPU.Build.0 = Debug|Any CPU
		{44D0D08B-D778-49C4-BDD0-C5C34A0F6563}.Release|Any CPU.ActiveCfg = Release|Any CPU
		{44D0D08B-D778-49C4-BDD0-C5C34A0F6563}.Release|Any CPU.Build.0 = Release|Any CPU
	EndGlobalSection
	GlobalSection(SolutionProperties) = preSolution
		HideSolutionNode = FALSE
	EndGlobalSection
	GlobalSection(ExtensibilityGlobals) = postSolution
		SolutionGuid = {86B7AFAA-880D-4DE6-AF37-26B701F2D061}
	EndGlobalSection
EndGlobal
